{
  "# Continue to the next step on failure\ncontinue-on-error: true": [
    {
      "file": ".github/workflows/current.yml",
      "lines": [
        98,
        111
      ]
    },
    {
      "file": ".github/workflows/dep-heads.yml",
      "lines": [
        101,
        114
      ]
    },
    {
      "file": ".github/workflows/heads.yml",
      "lines": [
        100,
        113
      ]
    },
    {
      "file": ".github/workflows/truffle.yml",
      "lines": [
        77,
        90
      ]
    }
  ],
  "appraisal: \"current\"\nexec_cmd: \"rake test\"": [
    {
      "file": ".github/workflows/current.yml",
      "lines": [
        44,
        52,
        59
      ]
    }
  ],
  "if: ${{ !env.ACT || (! startsWith(matrix.ruby, 'jruby') && !startsWith(matrix.ruby, 'truffleruby')) }}\nrun: bundle install": [
    {
      "file": ".github/workflows/current.yml",
      "lines": [
        91,
        96
      ]
    },
    {
      "file": ".github/workflows/dep-heads.yml",
      "lines": [
        94,
        99
      ]
    },
    {
      "file": ".github/workflows/heads.yml",
      "lines": [
        93,
        98
      ]
    },
    {
      "file": ".github/workflows/truffle.yml",
      "lines": [
        70,
        75
      ]
    }
  ]
}
