{
  "spec/markdown/merge/code_block_merger_spec.rb:579562649": [
    [109, 7, 56, "RSpec/ReceiveMessages: Use `receive_messages` instead of multiple stubs on lines [110].", 3597391073],
    [110, 7, 59, "RSpec/ReceiveMessages: Use `receive_messages` instead of multiple stubs on lines [109].", 1334649795],
    [571, 7, 56, "RSpec/ReceiveMessages: Use `receive_messages` instead of multiple stubs on lines [572].", 3597391073],
    [572, 7, 59, "RSpec/ReceiveMessages: Use `receive_messages` instead of multiple stubs on lines [571].", 1334649795]
  ],
  "spec/markdown/merge/conflict_resolver_spec.rb:580224349": [
    [8, 5, 54, "RSpec/ReceiveMessages: Use `receive_messages` instead of multiple stubs on lines [13, 14].", 3635013150],
    [13, 5, 81, "RSpec/ReceiveMessages: Use `receive_messages` instead of multiple stubs on lines [8, 14].", 2815844567],
    [14, 5, 58, "RSpec/ReceiveMessages: Use `receive_messages` instead of multiple stubs on lines [8, 13].", 2912977340],
    [17, 7, 54, "RSpec/ReceiveMessages: Use `receive_messages` instead of multiple stubs on lines [18, 19].", 1070199764],
    [18, 7, 50, "RSpec/ReceiveMessages: Use `receive_messages` instead of multiple stubs on lines [17, 19].", 899691657],
    [19, 7, 54, "RSpec/ReceiveMessages: Use `receive_messages` instead of multiple stubs on lines [17, 18].", 2221661777],
    [181, 9, 83, "RSpec/ReceiveMessages: Use `receive_messages` instead of multiple stubs on lines [182].", 874592367],
    [182, 9, 70, "RSpec/ReceiveMessages: Use `receive_messages` instead of multiple stubs on lines [181].", 2715664990],
    [193, 9, 83, "RSpec/ReceiveMessages: Use `receive_messages` instead of multiple stubs on lines [194].", 4097821293],
    [194, 9, 70, "RSpec/ReceiveMessages: Use `receive_messages` instead of multiple stubs on lines [193].", 2715664990],
    [205, 9, 56, "RSpec/ReceiveMessages: Use `receive_messages` instead of multiple stubs on lines [206].", 2341167545],
    [206, 9, 70, "RSpec/ReceiveMessages: Use `receive_messages` instead of multiple stubs on lines [205].", 2715664990]
  ],
  "spec/markdown/merge/file_aligner_spec.rb:784926151": [
    [7, 5, 54, "RSpec/ReceiveMessages: Use `receive_messages` instead of multiple stubs on lines [8].", 1397233515],
    [8, 5, 57, "RSpec/ReceiveMessages: Use `receive_messages` instead of multiple stubs on lines [7].", 1363551070],
    [14, 5, 54, "RSpec/ReceiveMessages: Use `receive_messages` instead of multiple stubs on lines [15].", 1397233515],
    [15, 5, 57, "RSpec/ReceiveMessages: Use `receive_messages` instead of multiple stubs on lines [14].", 1363551070],
    [122, 13, 9, "RSpec/ContextWording: Context description should match /^when\\b/, /^with\\b/, or /^without\\b/.", 894228159],
    [246, 13, 22, "RSpec/ContextWording: Context description should match /^when\\b/, /^with\\b/, or /^without\\b/.", 933333549],
    [281, 5, 31, "RSpec/IndexedLet: This `let` statement uses `1` in its name. Please give it a meaningful name.", 257225905],
    [282, 5, 31, "RSpec/IndexedLet: This `let` statement uses `2` in its name. Please give it a meaningful name.", 3862740433]
  ],
  "spec/markdown/merge/file_analysis_base_spec.rb:781747426": [
    [240, 9, 54, "RSpec/ReceiveMessages: Use `receive_messages` instead of multiple stubs on lines [241].", 3997203759],
    [241, 9, 66, "RSpec/ReceiveMessages: Use `receive_messages` instead of multiple stubs on lines [240].", 1495070442],
    [253, 9, 51, "RSpec/ReceiveMessages: Use `receive_messages` instead of multiple stubs on lines [254].", 1426138008],
    [254, 9, 64, "RSpec/ReceiveMessages: Use `receive_messages` instead of multiple stubs on lines [253].", 2231830237],
    [266, 9, 54, "RSpec/ReceiveMessages: Use `receive_messages` instead of multiple stubs on lines [267].", 1988972208],
    [267, 9, 52, "RSpec/ReceiveMessages: Use `receive_messages` instead of multiple stubs on lines [266].", 1300321165]
  ],
  "spec/markdown/merge/smart_merger_base_spec.rb:2191774167": [
    [54, 13, 12, "ThreadSafety/ClassInstanceVariable: Avoid class instance variables.", 560151594],
    [58, 13, 12, "ThreadSafety/ClassInstanceVariable: Avoid class instance variables.", 560151594],
    [318, 7, 54, "RSpec/ReceiveMessages: Use `receive_messages` instead of multiple stubs on lines [324, 325, 326].", 3635013150],
    [324, 7, 52, "RSpec/ReceiveMessages: Use `receive_messages` instead of multiple stubs on lines [318, 325, 326].", 1660232773],
    [325, 7, 81, "RSpec/ReceiveMessages: Use `receive_messages` instead of multiple stubs on lines [318, 324, 326].", 2815844567],
    [326, 7, 58, "RSpec/ReceiveMessages: Use `receive_messages` instead of multiple stubs on lines [318, 324, 325].", 2912977340],
    [381, 9, 56, "RSpec/ReceiveMessages: Use `receive_messages` instead of multiple stubs on lines [382].", 2341167545],
    [382, 9, 68, "RSpec/ReceiveMessages: Use `receive_messages` instead of multiple stubs on lines [381].", 3239321997],
    [439, 9, 54, "RSpec/ReceiveMessages: Use `receive_messages` instead of multiple stubs on lines [440, 441, 442, 443].", 1070199764],
    [440, 9, 49, "RSpec/ReceiveMessages: Use `receive_messages` instead of multiple stubs on lines [439, 441, 442, 443].", 940616717],
    [441, 9, 48, "RSpec/ReceiveMessages: Use `receive_messages` instead of multiple stubs on lines [439, 440, 442, 443].", 3477905814],
    [442, 9, 57, "RSpec/ReceiveMessages: Use `receive_messages` instead of multiple stubs on lines [439, 440, 441, 443].", 1968212255],
    [443, 9, 60, "RSpec/ReceiveMessages: Use `receive_messages` instead of multiple stubs on lines [439, 440, 441, 442].", 741988495],
    [486, 11, 59, "RSpec/ReceiveMessages: Use `receive_messages` instead of multiple stubs on lines [488, 493, 494, 495, 496, 497, 498].", 3956583463],
    [488, 11, 59, "RSpec/ReceiveMessages: Use `receive_messages` instead of multiple stubs on lines [486, 493, 494, 495, 496, 497, 498].", 173724013],
    [493, 11, 87, "RSpec/ReceiveMessages: Use `receive_messages` instead of multiple stubs on lines [486, 488, 494, 495, 496, 497, 498].", 3045574394],
    [494, 11, 72, "RSpec/ReceiveMessages: Use `receive_messages` instead of multiple stubs on lines [486, 488, 493, 495, 496, 497, 498].", 2905225263],
    [495, 11, 54, "RSpec/ReceiveMessages: Use `receive_messages` instead of multiple stubs on lines [486, 488, 493, 494, 496, 497, 498].", 2394750164],
    [496, 11, 53, "RSpec/ReceiveMessages: Use `receive_messages` instead of multiple stubs on lines [486, 488, 493, 494, 495, 497, 498].", 1336102127],
    [497, 11, 64, "RSpec/ReceiveMessages: Use `receive_messages` instead of multiple stubs on lines [486, 488, 493, 494, 495, 496, 498].", 3021173882],
    [498, 11, 57, "RSpec/ReceiveMessages: Use `receive_messages` instead of multiple stubs on lines [486, 488, 493, 494, 495, 496, 497].", 703506620],
    [575, 9, 54, "RSpec/ReceiveMessages: Use `receive_messages` instead of multiple stubs on lines [576].", 3997203759],
    [576, 9, 69, "RSpec/ReceiveMessages: Use `receive_messages` instead of multiple stubs on lines [575].", 3276020568],
    [583, 9, 54, "RSpec/ReceiveMessages: Use `receive_messages` instead of multiple stubs on lines [584].", 3997203759],
    [584, 9, 65, "RSpec/ReceiveMessages: Use `receive_messages` instead of multiple stubs on lines [583].", 1290615374],
    [684, 9, 83, "RSpec/ReceiveMessages: Use `receive_messages` instead of multiple stubs on lines [685].", 874593454],
    [685, 9, 70, "RSpec/ReceiveMessages: Use `receive_messages` instead of multiple stubs on lines [684].", 2715664990],
    [694, 9, 83, "RSpec/ReceiveMessages: Use `receive_messages` instead of multiple stubs on lines [695].", 4097821293],
    [695, 9, 70, "RSpec/ReceiveMessages: Use `receive_messages` instead of multiple stubs on lines [694].", 2715664990],
    [778, 61, 15, "ThreadSafety/ClassInstanceVariable: Avoid class instance variables.", 2996792774],
    [779, 52, 15, "ThreadSafety/ClassInstanceVariable: Avoid class instance variables.", 2996792774],
    [817, 7, 63, "RSpec/ReceiveMessages: Use `receive_messages` instead of multiple stubs on lines [818, 822].", 2351801792],
    [818, 7, 71, "RSpec/ReceiveMessages: Use `receive_messages` instead of multiple stubs on lines [817, 822].", 2861553862],
    [822, 7, 62, "RSpec/ReceiveMessages: Use `receive_messages` instead of multiple stubs on lines [817, 818].", 294631135],
    [825, 7, 59, "RSpec/ReceiveMessages: Use `receive_messages` instead of multiple stubs on lines [826, 830].", 1546141910],
    [826, 7, 71, "RSpec/ReceiveMessages: Use `receive_messages` instead of multiple stubs on lines [825, 830].", 1903942402],
    [830, 7, 58, "RSpec/ReceiveMessages: Use `receive_messages` instead of multiple stubs on lines [825, 826].", 2006258185]
  ],
  "spec/markdown/merge/table_match_algorithm_spec.rb:3453546889": [
    [130, 7, 49, "RSpec/ReceiveMessages: Use `receive_messages` instead of multiple stubs on lines [149].", 3864847350],
    [149, 7, 58, "RSpec/ReceiveMessages: Use `receive_messages` instead of multiple stubs on lines [130].", 2518736623],
    [156, 7, 52, "RSpec/ReceiveMessages: Use `receive_messages` instead of multiple stubs on lines [157].", 2929581044],
    [157, 7, 61, "RSpec/ReceiveMessages: Use `receive_messages` instead of multiple stubs on lines [156].", 3799078421],
    [160, 7, 53, "RSpec/ReceiveMessages: Use `receive_messages` instead of multiple stubs on lines [164].", 2630828490],
    [164, 7, 56, "RSpec/ReceiveMessages: Use `receive_messages` instead of multiple stubs on lines [160].", 2606776721],
    [404, 7, 52, "RSpec/ReceiveMessages: Use `receive_messages` instead of multiple stubs on lines [405].", 2929581044],
    [405, 7, 61, "RSpec/ReceiveMessages: Use `receive_messages` instead of multiple stubs on lines [404].", 3799078421],
    [438, 7, 52, "RSpec/ReceiveMessages: Use `receive_messages` instead of multiple stubs on lines [441].", 2929581044],
    [441, 7, 58, "RSpec/ReceiveMessages: Use `receive_messages` instead of multiple stubs on lines [438].", 4021845228],
    [608, 7, 52, "RSpec/ReceiveMessages: Use `receive_messages` instead of multiple stubs on lines [609].", 2929581044],
    [609, 7, 64, "RSpec/ReceiveMessages: Use `receive_messages` instead of multiple stubs on lines [608].", 3591720970],
    [620, 7, 52, "RSpec/ReceiveMessages: Use `receive_messages` instead of multiple stubs on lines [621].", 3324134260],
    [621, 7, 63, "RSpec/ReceiveMessages: Use `receive_messages` instead of multiple stubs on lines [620].", 1532963930]
  ],
  "spec/markdown/merge/table_match_refiner_spec.rb:65091114": [
    [34, 7, 52, "RSpec/ReceiveMessages: Use `receive_messages` instead of multiple stubs on lines [36].", 919075613],
    [36, 7, 52, "RSpec/ReceiveMessages: Use `receive_messages` instead of multiple stubs on lines [34].", 1300321165],
    [188, 7, 51, "RSpec/ReceiveMessages: Use `receive_messages` instead of multiple stubs on lines [190].", 1082016117],
    [190, 7, 55, "RSpec/ReceiveMessages: Use `receive_messages` instead of multiple stubs on lines [188].", 335766221],
    [193, 7, 51, "RSpec/ReceiveMessages: Use `receive_messages` instead of multiple stubs on lines [195].", 268536950],
    [195, 7, 55, "RSpec/ReceiveMessages: Use `receive_messages` instead of multiple stubs on lines [193].", 4190561038]
  ],
  "spec/markdown/version_spec.rb:3095315020": [
    [3, 1, 39, "RSpec/SpecFilePathFormat: Spec path should end with `markdown/merge/version*_spec.rb`.", 2212434324]
  ]
}
