PATH
  remote: ../..
  specs:
    ast-merge (1.0.0)
      version_gem (~> 1.1, >= 1.1.9)

PATH
  remote: ../dotenv-merge
  specs:
    dotenv-merge (1.0.0)
      version_gem (~> 1.1, >= 1.1.9)

PATH
  remote: ../json-merge
  specs:
    json-merge (1.0.0)
      ast-merge (~> 1.0)
      ruby_tree_sitter (~> 2.0)
      version_gem (~> 1.1, >= 1.1.9)

PATH
  remote: ../prism-merge
  specs:
    prism-merge (1.1.6)
      prism (~> 1.6)
      version_gem (~> 1.1, >= 1.1.9)

PATH
  remote: ../psych-merge
  specs:
    psych-merge (1.0.0)
      version_gem (~> 1.1, >= 1.1.9)

PATH
  remote: ../rbs-merge
  specs:
    rbs-merge (1.0.0)
      rbs (>= 3.0)
      version_gem (~> 1.1, >= 1.1.9)

PATH
  remote: .
  specs:
    markdown-merge (0.1.0)

GEM
  remote: https://rubygems.org/
  specs:
    ast (2.4.3)
    date (3.5.1)
    diff-lcs (1.6.2)
    erb (6.0.0)
    io-console (0.8.1)
    irb (1.15.3)
      pp (>= 0.6.0)
      rdoc (>= 4.0.0)
      reline (>= 0.4.2)
    json (2.18.0)
    kettle-dev (1.1.60)
    language_server-protocol (3.17.0.5)
    lint_roller (1.1.0)
    logger (1.7.0)
    oppen (1.0.0)
    parallel (1.27.0)
    parser (3.3.10.0)
      ast (~> 2.4.1)
      racc
    pp (0.6.3)
      prettyprint
    prettyprint (0.2.0)
    prism (1.6.0)
    psych (5.3.0)
      date
      stringio
    racc (1.8.1)
    rainbow (3.1.1)
    rake (13.3.1)
    rbs (3.9.5)
      logger
    rdoc (6.17.0)
      erb
      psych (>= 4.0.0)
      tsort
    regexp_parser (2.11.3)
    reline (0.6.3)
      io-console (~> 0.5)
    rspec (3.13.2)
      rspec-core (~> 3.13.0)
      rspec-expectations (~> 3.13.0)
      rspec-mocks (~> 3.13.0)
    rspec-core (3.13.6)
      rspec-support (~> 3.13.0)
    rspec-expectations (3.13.5)
      diff-lcs (>= 1.2.0, < 2.0)
      rspec-support (~> 3.13.0)
    rspec-mocks (3.13.7)
      diff-lcs (>= 1.2.0, < 2.0)
      rspec-support (~> 3.13.0)
    rspec-support (3.13.6)
    rubocop (1.81.7)
      json (~> 2.3)
      language_server-protocol (~> 3.17.0.2)
      lint_roller (~> 1.1.0)
      parallel (~> 1.10)
      parser (>= 3.3.0.2)
      rainbow (>= 2.2.2, < 4.0)
      regexp_parser (>= 2.9.3, < 3.0)
      rubocop-ast (>= 1.47.1, < 2.0)
      ruby-progressbar (~> 1.7)
      unicode-display_width (>= 2.4.0, < 4.0)
    rubocop-ast (1.48.0)
      parser (>= 3.3.7.2)
      prism (~> 1.4)
    ruby-progressbar (1.13.0)
    ruby_tree_sitter (2.0.0)
      oppen (~> 1.0)
      sorbet-runtime
      zeitwerk
    ruby_tree_sitter (2.0.0-aarch64-linux-gnu)
      oppen (~> 1.0)
      sorbet-runtime
      zeitwerk
    ruby_tree_sitter (2.0.0-aarch64-linux-musl)
      oppen (~> 1.0)
      sorbet-runtime
      zeitwerk
    ruby_tree_sitter (2.0.0-arm-linux-gnu)
      oppen (~> 1.0)
      sorbet-runtime
      zeitwerk
    ruby_tree_sitter (2.0.0-arm-linux-musl)
      oppen (~> 1.0)
      sorbet-runtime
      zeitwerk
    ruby_tree_sitter (2.0.0-arm64-darwin)
      oppen (~> 1.0)
      sorbet-runtime
      zeitwerk
    ruby_tree_sitter (2.0.0-x86-linux-musl)
      oppen (~> 1.0)
      sorbet-runtime
      zeitwerk
    ruby_tree_sitter (2.0.0-x86_64-darwin)
      oppen (~> 1.0)
      sorbet-runtime
      zeitwerk
    ruby_tree_sitter (2.0.0-x86_64-linux-gnu)
      oppen (~> 1.0)
      sorbet-runtime
      zeitwerk
    ruby_tree_sitter (2.0.0-x86_64-linux-musl)
      oppen (~> 1.0)
      sorbet-runtime
      zeitwerk
    sorbet-runtime (0.6.12838)
    stringio (3.1.9)
    tsort (0.2.0)
    unicode-display_width (3.2.0)
      unicode-emoji (~> 4.1)
    unicode-emoji (4.1.0)
    version_gem (1.1.9)
    zeitwerk (2.7.3)

PLATFORMS
  aarch64-linux-gnu
  aarch64-linux-musl
  arm-linux-gnu
  arm-linux-musl
  arm64-darwin
  ruby
  x86-linux-musl
  x86_64-darwin
  x86_64-linux-gnu
  x86_64-linux-musl

DEPENDENCIES
  ast-merge!
  dotenv-merge!
  irb
  json-merge!
  kettle-dev (~> 1.1.60)
  markdown-merge!
  prism-merge!
  psych-merge!
  rake (~> 13.0)
  rbs-merge!
  rspec (~> 3.0)
  rubocop (~> 1.21)

BUNDLED WITH
   2.7.2
